{
  "object": {
    "pins": [
      {
        "package": "SPMCommon",
        "repositoryURL": "https://github.com/inancyGit/SPMCommon.git",
        "state": {
          "branch": null,
          "revision": "ead909b1f9e1255b1083eaa11cea798ce14732f7",
          "version": "1.0.0"
        }
      }
    ]
  },
  "version": 1
}
