{
  "originHash" : "e665acbf6bbbe72662f7c11c2c15d40bed14fef3ec82f095a9b12a0e1322afc1",
  "pins" : [
    {
      "identity" : "spmcommon",
      "kind" : "remoteSourceControl",
      "location" : "https://github.com/inancyGit/SPMCommon.git",
      "state" : {
        "revision" : "ead909b1f9e1255b1083eaa11cea798ce14732f7",
        "version" : "1.0.0"
      }
    }
  ],
  "version" : 3
}
