{
  "originHash" : "9a9542962ff493f52044acc2b6e8b6e8875a09ddc437acce1b1dab3111040457",
  "pins" : [
    {
      "identity" : "acscommon",
      "kind" : "remoteSourceControl",
      "location" : "https://github.com/inancyGit/ACSCommon.git",
      "state" : {
        "branch" : "main",
        "revision" : "e4b2a964ab0dea6414be17522332ceebc0148258"
      }
    }
  ],
  "version" : 3
}
